
Microsoft Visual Studio Solution File, Format Version 12.00
# Visual Studio Version 16
VisualStudioVersion = 16.0.31005.135
MinimumVisualStudioVersion = 10.0.40219.1
Project("{FAE04EC0-301F-11D3-BF4B-00C04F79EFBC}") = "Exercicio1_Soma", "Exercicio1_Soma\Exercicio1_Soma.csproj", "{8FEDD447-B288-4D9C-92A6-1259BECDBFDB}"
EndProject
Global
	GlobalSection(SolutionConfigurationPlatforms) = preSolution
		Debug|Any CPU = Debug|Any CPU
		Release|Any CPU = Release|Any CPU
	EndGlobalSection
	GlobalSection(ProjectConfigurationPlatforms) = postSolution
		{8FEDD447-B288-4D9C-92A6-1259BECDBFDB}.Debug|Any CPU.ActiveCfg = Debug|Any CPU
		{8FEDD447-B288-4D9C-92A6-1259BECDBFDB}.Debug|Any CPU.Build.0 = Debug|Any CPU
		{8FEDD447-B288-4D9C-92A6-1259BECDBFDB}.Release|Any CPU.ActiveCfg = Release|Any CPU
		{8FEDD447-B288-4D9C-92A6-1259BECDBFDB}.Release|Any CPU.Build.0 = Release|Any CPU
	EndGlobalSection
	GlobalSection(SolutionProperties) = preSolution
		HideSolutionNode = FALSE
	EndGlobalSection
	GlobalSection(ExtensibilityGlobals) = postSolution
		SolutionGuid = {BC8C9F2A-1239-4931-9E73-B0C3981D2226}
	EndGlobalSection
EndGlobal
