
Microsoft Visual Studio Solution File, Format Version 12.00
# Visual Studio Version 16
VisualStudioVersion = 16.0.31005.135
MinimumVisualStudioVersion = 10.0.40219.1
Project("{FAE04EC0-301F-11D3-BF4B-00C04F79EFBC}") = "Exercicio2_Fibonacci", "Exercicio2_Fibonacci\Exercicio2_Fibonacci.csproj", "{BDE7D893-03CD-4A14-9D1A-C9B94C600DF3}"
EndProject
Global
	GlobalSection(SolutionConfigurationPlatforms) = preSolution
		Debug|Any CPU = Debug|Any CPU
		Release|Any CPU = Release|Any CPU
	EndGlobalSection
	GlobalSection(ProjectConfigurationPlatforms) = postSolution
		{BDE7D893-03CD-4A14-9D1A-C9B94C600DF3}.Debug|Any CPU.ActiveCfg = Debug|Any CPU
		{BDE7D893-03CD-4A14-9D1A-C9B94C600DF3}.Debug|Any CPU.Build.0 = Debug|Any CPU
		{BDE7D893-03CD-4A14-9D1A-C9B94C600DF3}.Release|Any CPU.ActiveCfg = Release|Any CPU
		{BDE7D893-03CD-4A14-9D1A-C9B94C600DF3}.Release|Any CPU.Build.0 = Release|Any CPU
	EndGlobalSection
	GlobalSection(SolutionProperties) = preSolution
		HideSolutionNode = FALSE
	EndGlobalSection
	GlobalSection(ExtensibilityGlobals) = postSolution
		SolutionGuid = {EF33B923-7B17-4269-ACB1-D5ED5AB0EB1A}
	EndGlobalSection
EndGlobal
